
Microsoft Visual Studio Solution File, Format Version 12.00
# Visual Studio Version 16
VisualStudioVersion = 16.0.30011.19
MinimumVisualStudioVersion = 10.0.40219.1
Project("{9A19103F-16F7-4668-BE54-9A1E7A4F7556}") = "LittleDebugger.Tools.TemplateTransformer", "LittleDebugger.Tools.TemplateTransformer.csproj", "{D96693D4-22CD-47E2-887C-9A2A9BB46861}"
EndProject
Global
	GlobalSection(SolutionConfigurationPlatforms) = preSolution
		Debug|Any CPU = Debug|Any CPU
		Release|Any CPU = Release|Any CPU
	EndGlobalSection
	GlobalSection(ProjectConfigurationPlatforms) = postSolution
		{D96693D4-22CD-47E2-887C-9A2A9BB46861}.Debug|Any CPU.ActiveCfg = Debug|Any CPU
		{D96693D4-22CD-47E2-887C-9A2A9BB46861}.Debug|Any CPU.Build.0 = Debug|Any CPU
		{D96693D4-22CD-47E2-887C-9A2A9BB46861}.Release|Any CPU.ActiveCfg = Release|Any CPU
		{D96693D4-22CD-47E2-887C-9A2A9BB46861}.Release|Any CPU.Build.0 = Release|Any CPU
	EndGlobalSection
	GlobalSection(SolutionProperties) = preSolution
		HideSolutionNode = FALSE
	EndGlobalSection
	GlobalSection(ExtensibilityGlobals) = postSolution
		SolutionGuid = {BC65ABDE-8AC2-4172-A740-C7886B0D22BE}
	EndGlobalSection
EndGlobal
